
Microsoft Visual Studio Solution File, Format Version 12.00
# Visual Studio 15
VisualStudioVersion = 15.0.28124.53
MinimumVisualStudioVersion = 10.0.40219.1
Project("{FAE04EC0-301F-11D3-BF4B-00C04F79EFBC}") = "myDevUpDemo123", "myDevUpDemo123\myDevUpDemo123.csproj", "{F80ECA7D-51C0-462C-BA76-CBD36A2912A1}"
EndProject
Global
	GlobalSection(SolutionConfigurationPlatforms) = preSolution
		Debug|Any CPU = Debug|Any CPU
		Release|Any CPU = Release|Any CPU
	EndGlobalSection
	GlobalSection(ProjectConfigurationPlatforms) = postSolution
		{F80ECA7D-51C0-462C-BA76-CBD36A2912A1}.Debug|Any CPU.ActiveCfg = Debug|Any CPU
		{F80ECA7D-51C0-462C-BA76-CBD36A2912A1}.Debug|Any CPU.Build.0 = Debug|Any CPU
		{F80ECA7D-51C0-462C-BA76-CBD36A2912A1}.Release|Any CPU.ActiveCfg = Release|Any CPU
		{F80ECA7D-51C0-462C-BA76-CBD36A2912A1}.Release|Any CPU.Build.0 = Release|Any CPU
	EndGlobalSection
	GlobalSection(SolutionProperties) = preSolution
		HideSolutionNode = FALSE
	EndGlobalSection
	GlobalSection(ExtensibilityGlobals) = postSolution
		SolutionGuid = {1578D143-E11C-4BDC-8850-02092C7AD330}
	EndGlobalSection
EndGlobal
